
Microsoft Visual Studio Solution File, Format Version 12.00
# Visual Studio 15
VisualStudioVersion = 15.0.28307.329
MinimumVisualStudioVersion = 10.0.40219.1
Project("{FAE04EC0-301F-11D3-BF4B-00C04F79EFBC}") = "ApiWeb", "ApiWeb\ApiWeb.csproj", "{6C95632F-FFDA-45B8-ADA1-C0957FFE1EEE}"
EndProject
Project("{FAE04EC0-301F-11D3-BF4B-00C04F79EFBC}") = "ApiWebDTO", "ApiWebDTO\ApiWebDTO.csproj", "{8ABD984A-3734-4E29-9528-701B466EF205}"
EndProject
Project("{FAE04EC0-301F-11D3-BF4B-00C04F79EFBC}") = "ApiWebDAL", "ApiWebDAL\ApiWebDAL.csproj", "{D4647C06-4558-4E19-977F-0ACF7FAAC085}"
EndProject
Global
	GlobalSection(SolutionConfigurationPlatforms) = preSolution
		Debug|Any CPU = Debug|Any CPU
		Release|Any CPU = Release|Any CPU
	EndGlobalSection
	GlobalSection(ProjectConfigurationPlatforms) = postSolution
		{6C95632F-FFDA-45B8-ADA1-C0957FFE1EEE}.Debug|Any CPU.ActiveCfg = Debug|Any CPU
		{6C95632F-FFDA-45B8-ADA1-C0957FFE1EEE}.Debug|Any CPU.Build.0 = Debug|Any CPU
		{6C95632F-FFDA-45B8-ADA1-C0957FFE1EEE}.Release|Any CPU.ActiveCfg = Release|Any CPU
		{6C95632F-FFDA-45B8-ADA1-C0957FFE1EEE}.Release|Any CPU.Build.0 = Release|Any CPU
		{8ABD984A-3734-4E29-9528-701B466EF205}.Debug|Any CPU.ActiveCfg = Debug|Any CPU
		{8ABD984A-3734-4E29-9528-701B466EF205}.Debug|Any CPU.Build.0 = Debug|Any CPU
		{8ABD984A-3734-4E29-9528-701B466EF205}.Release|Any CPU.ActiveCfg = Release|Any CPU
		{8ABD984A-3734-4E29-9528-701B466EF205}.Release|Any CPU.Build.0 = Release|Any CPU
		{D4647C06-4558-4E19-977F-0ACF7FAAC085}.Debug|Any CPU.ActiveCfg = Debug|Any CPU
		{D4647C06-4558-4E19-977F-0ACF7FAAC085}.Debug|Any CPU.Build.0 = Debug|Any CPU
		{D4647C06-4558-4E19-977F-0ACF7FAAC085}.Release|Any CPU.ActiveCfg = Release|Any CPU
		{D4647C06-4558-4E19-977F-0ACF7FAAC085}.Release|Any CPU.Build.0 = Release|Any CPU
	EndGlobalSection
	GlobalSection(SolutionProperties) = preSolution
		HideSolutionNode = FALSE
	EndGlobalSection
	GlobalSection(ExtensibilityGlobals) = postSolution
		SolutionGuid = {7F641FC2-1BE3-4D7E-B31B-1D8ECF7B59E2}
	EndGlobalSection
EndGlobal
